
Microsoft Visual Studio Solution File, Format Version 12.00
# Visual Studio Version 16
VisualStudioVersion = 16.0.31205.134
MinimumVisualStudioVersion = 10.0.40219.1
Project("{FAE04EC0-301F-11D3-BF4B-00C04F79EFBC}") = "ConsoleApp3", "ConsoleApp3.csproj", "{C2D91809-F367-42B8-BC4E-D202867E4D60}"
EndProject
Global
	GlobalSection(SolutionConfigurationPlatforms) = preSolution
		Debug|Any CPU = Debug|Any CPU
		Release|Any CPU = Release|Any CPU
	EndGlobalSection
	GlobalSection(ProjectConfigurationPlatforms) = postSolution
		{C2D91809-F367-42B8-BC4E-D202867E4D60}.Debug|Any CPU.ActiveCfg = Debug|Any CPU
		{C2D91809-F367-42B8-BC4E-D202867E4D60}.Debug|Any CPU.Build.0 = Debug|Any CPU
		{C2D91809-F367-42B8-BC4E-D202867E4D60}.Release|Any CPU.ActiveCfg = Release|Any CPU
		{C2D91809-F367-42B8-BC4E-D202867E4D60}.Release|Any CPU.Build.0 = Release|Any CPU
	EndGlobalSection
	GlobalSection(SolutionProperties) = preSolution
		HideSolutionNode = FALSE
	EndGlobalSection
	GlobalSection(ExtensibilityGlobals) = postSolution
		SolutionGuid = {F0EF85A1-3CA7-49DA-862F-17E98D4D379F}
	EndGlobalSection
EndGlobal
